// !$*UTF8*$!
{
	archiveVersion = 1;
	classes = {
	};
	objectVersion = 46;
	objects = {

/* Begin PBXBuildFile section */
		4D0F71701498D8F600C1B21B /* SourceList.xcdatamodeld in Sources */ = {isa = PBXBuildFile; fileRef = 4D0F716E1498D8F600C1B21B /* SourceList.xcdatamodeld */; };
		4D494AB614975EEE007C08CD /* EBAlignmentViewController.m in Sources */ = {isa = PBXBuildFile; fileRef = 4D494AB514975EEE007C08CD /* EBAlignmentViewController.m */; };
		4D6E5D181497859F00786670 /* SequencesView.xib in Resources */ = {isa = PBXBuildFile; fileRef = 4D6E5D161497859F00786670 /* SequencesView.xib */; };
		4D6E5D1B149785A800786670 /* TaxaView.xib in Resources */ = {isa = PBXBuildFile; fileRef = 4D6E5D19149785A800786670 /* TaxaView.xib */; };
		4D6E5D2214978FF900786670 /* EyeBall.icns in Resources */ = {isa = PBXBuildFile; fileRef = 4D6E5D2114978FF900786670 /* EyeBall.icns */; };
		4D6E5D5B1498D51D00786670 /* Alignment.m in Sources */ = {isa = PBXBuildFile; fileRef = 4D6E5D541498D51D00786670 /* Alignment.m */; };
		4D6E5D5C1498D51D00786670 /* Locus.m in Sources */ = {isa = PBXBuildFile; fileRef = 4D6E5D561498D51D00786670 /* Locus.m */; };
		4D6E5D5D1498D51D00786670 /* Sequence.m in Sources */ = {isa = PBXBuildFile; fileRef = 4D6E5D581498D51D00786670 /* Sequence.m */; };
		4D6E5D5E1498D51D00786670 /* Taxon.m in Sources */ = {isa = PBXBuildFile; fileRef = 4D6E5D5A1498D51D00786670 /* Taxon.m */; };
		4D6E5D611498D52800786670 /* NSArray_Extensions.m in Sources */ = {isa = PBXBuildFile; fileRef = 4D6E5D601498D52800786670 /* NSArray_Extensions.m */; };
		4D6E5D6C1498D54B00786670 /* BaseNode.m in Sources */ = {isa = PBXBuildFile; fileRef = 4D6E5D631498D54A00786670 /* BaseNode.m */; };
		4D6E5D6D1498D54B00786670 /* ChildEditController.m in Sources */ = {isa = PBXBuildFile; fileRef = 4D6E5D651498D54A00786670 /* ChildEditController.m */; };
		4D6E5D6E1498D54B00786670 /* ChildNode.m in Sources */ = {isa = PBXBuildFile; fileRef = 4D6E5D671498D54A00786670 /* ChildNode.m */; };
		4D6E5D6F1498D54B00786670 /* ImageAndTextCell.m in Sources */ = {isa = PBXBuildFile; fileRef = 4D6E5D691498D54A00786670 /* ImageAndTextCell.m */; };
		4D6E5D701498D54B00786670 /* SeparatorCell.m in Sources */ = {isa = PBXBuildFile; fileRef = 4D6E5D6B1498D54A00786670 /* SeparatorCell.m */; };
		4D6E5D731498D59700786670 /* EBSourceListController.m in Sources */ = {isa = PBXBuildFile; fileRef = 4D6E5D721498D59700786670 /* EBSourceListController.m */; };
		4D91B10814976B6F006BE06F /* EBOrganizerViewController.m in Sources */ = {isa = PBXBuildFile; fileRef = 4D91B10714976B6F006BE06F /* EBOrganizerViewController.m */; };
		4D91B10B14976B95006BE06F /* OrganizerView.xib in Resources */ = {isa = PBXBuildFile; fileRef = 4D91B10914976B95006BE06F /* OrganizerView.xib */; };
		4D91B11414976D34006BE06F /* LociView.xib in Resources */ = {isa = PBXBuildFile; fileRef = 4D91B11214976D34006BE06F /* LociView.xib */; };
		4DA72B1A1497566F005F7A67 /* Cocoa.framework in Frameworks */ = {isa = PBXBuildFile; fileRef = 4DA72B191497566F005F7A67 /* Cocoa.framework */; };
		4DA72B241497566F005F7A67 /* InfoPlist.strings in Resources */ = {isa = PBXBuildFile; fileRef = 4DA72B221497566F005F7A67 /* InfoPlist.strings */; };
		4DA72B261497566F005F7A67 /* main.m in Sources */ = {isa = PBXBuildFile; fileRef = 4DA72B251497566F005F7A67 /* main.m */; };
		4DA72B2A1497566F005F7A67 /* Credits.rtf in Resources */ = {isa = PBXBuildFile; fileRef = 4DA72B281497566F005F7A67 /* Credits.rtf */; };
		4DA72B2D1497566F005F7A67 /* EBDocument.m in Sources */ = {isa = PBXBuildFile; fileRef = 4DA72B2C1497566F005F7A67 /* EBDocument.m */; };
		4DA72B301497566F005F7A67 /* EBDocument.xib in Resources */ = {isa = PBXBuildFile; fileRef = 4DA72B2E1497566F005F7A67 /* EBDocument.xib */; };
		4DA72B331497566F005F7A67 /* MainMenu.xib in Resources */ = {isa = PBXBuildFile; fileRef = 4DA72B311497566F005F7A67 /* MainMenu.xib */; };
		4DA72B361497566F005F7A67 /* EBDocument.xcdatamodeld in Sources */ = {isa = PBXBuildFile; fileRef = 4DA72B341497566F005F7A67 /* EBDocument.xcdatamodeld */; };
		4DA72B3E1497566F005F7A67 /* SenTestingKit.framework in Frameworks */ = {isa = PBXBuildFile; fileRef = 4DA72B3D1497566F005F7A67 /* SenTestingKit.framework */; };
		4DA72B3F1497566F005F7A67 /* Cocoa.framework in Frameworks */ = {isa = PBXBuildFile; fileRef = 4DA72B191497566F005F7A67 /* Cocoa.framework */; };
		4DA72B4714975670005F7A67 /* InfoPlist.strings in Resources */ = {isa = PBXBuildFile; fileRef = 4DA72B4514975670005F7A67 /* InfoPlist.strings */; };
		4DA72B4A14975670005F7A67 /* EyeBallTests.m in Sources */ = {isa = PBXBuildFile; fileRef = 4DA72B4914975670005F7A67 /* EyeBallTests.m */; };
		4DA72B5214975670005F7A67 /* EyeBallImporter.mdimporter in Resources */ = {isa = PBXBuildFile; fileRef = 4DA72B4F14975670005F7A67 /* EyeBallImporter.mdimporter */; };
		4DA72B5414975670005F7A67 /* CoreServices.framework in Frameworks */ = {isa = PBXBuildFile; fileRef = 4DA72B5314975670005F7A67 /* CoreServices.framework */; };
		4DA72B5614975670005F7A67 /* CoreFoundation.framework in Frameworks */ = {isa = PBXBuildFile; fileRef = 4DA72B5514975670005F7A67 /* CoreFoundation.framework */; };
		4DA72B5814975670005F7A67 /* CoreData.framework in Frameworks */ = {isa = PBXBuildFile; fileRef = 4DA72B5714975670005F7A67 /* CoreData.framework */; };
		4DA72B5A14975670005F7A67 /* Foundation.framework in Frameworks */ = {isa = PBXBuildFile; fileRef = 4DA72B5914975670005F7A67 /* Foundation.framework */; };
		4DA72B6014975670005F7A67 /* InfoPlist.strings in Resources */ = {isa = PBXBuildFile; fileRef = 4DA72B5E14975670005F7A67 /* InfoPlist.strings */; };
		4DA72B6214975670005F7A67 /* main.c in Sources */ = {isa = PBXBuildFile; fileRef = 4DA72B6114975670005F7A67 /* main.c */; };
		4DA72B6414975670005F7A67 /* GetMetadataForFile.m in Sources */ = {isa = PBXBuildFile; fileRef = 4DA72B6314975670005F7A67 /* GetMetadataForFile.m */; };
		4DA72B6714975670005F7A67 /* MySpotlightImporter.m in Sources */ = {isa = PBXBuildFile; fileRef = 4DA72B6614975670005F7A67 /* MySpotlightImporter.m */; };
		4DA72B7A14975764005F7A67 /* Preferences.xib in Resources */ = {isa = PBXBuildFile; fileRef = 4DA72B7714975764005F7A67 /* Preferences.xib */; };
		4DA72B80149757DE005F7A67 /* PreferenceController.m in Sources */ = {isa = PBXBuildFile; fileRef = 4DA72B7E149757DE005F7A67 /* PreferenceController.m */; };
		4DA72B83149757F4005F7A67 /* AppController.m in Sources */ = {isa = PBXBuildFile; fileRef = 4DA72B82149757F4005F7A67 /* AppController.m */; };
		4DA72B861497588F005F7A67 /* Localizable.strings in Resources */ = {isa = PBXBuildFile; fileRef = 4DA72B841497588F005F7A67 /* Localizable.strings */; };
		4DA72B8914975A10005F7A67 /* AlignmentView.xib in Resources */ = {isa = PBXBuildFile; fileRef = 4DA72B8714975A10005F7A67 /* AlignmentView.xib */; };
		4DAB32B514975E310084FB3E /* ManagingViewController.m in Sources */ = {isa = PBXBuildFile; fileRef = 4DAB32B314975E310084FB3E /* ManagingViewController.m */; };
		4DD74F6B14976E4900BB547B /* EBSequencesViewController.m in Sources */ = {isa = PBXBuildFile; fileRef = 4DD74F6A14976E4900BB547B /* EBSequencesViewController.m */; };
		4DD74F6E14976E6D00BB547B /* EBTaxaViewController.m in Sources */ = {isa = PBXBuildFile; fileRef = 4DD74F6D14976E6D00BB547B /* EBTaxaViewController.m */; };
		4DD74F7114976E8A00BB547B /* EBLociViewController.m in Sources */ = {isa = PBXBuildFile; fileRef = 4DD74F7014976E8A00BB547B /* EBLociViewController.m */; };
/* End PBXBuildFile section */

/* Begin PBXContainerItemProxy section */
		4DA72B401497566F005F7A67 /* PBXContainerItemProxy */ = {
			isa = PBXContainerItemProxy;
			containerPortal = 4DA72B0C1497566F005F7A67 /* Project object */;
			proxyType = 1;
			remoteGlobalIDString = 4DA72B141497566F005F7A67;
			remoteInfo = EyeBall;
		};
		4DA72B5014975670005F7A67 /* PBXContainerItemProxy */ = {
			isa = PBXContainerItemProxy;
			containerPortal = 4DA72B0C1497566F005F7A67 /* Project object */;
			proxyType = 1;
			remoteGlobalIDString = 4DA72B4E14975670005F7A67;
			remoteInfo = EyeBallImporter;
		};
/* End PBXContainerItemProxy section */

/* Begin PBXFileReference section */
		4D0F716F1498D8F600C1B21B /* SourceList.xcdatamodel */ = {isa = PBXFileReference; lastKnownFileType = wrapper.xcdatamodel; path = SourceList.xcdatamodel; sourceTree = "<group>"; };
		4D494AB414975EEE007C08CD /* EBAlignmentViewController.h */ = {isa = PBXFileReference; fileEncoding = 4; lastKnownFileType = sourcecode.c.h; path = EBAlignmentViewController.h; sourceTree = "<group>"; };
		4D494AB514975EEE007C08CD /* EBAlignmentViewController.m */ = {isa = PBXFileReference; fileEncoding = 4; lastKnownFileType = sourcecode.c.objc; path = EBAlignmentViewController.m; sourceTree = "<group>"; };
		4D6E5D171497859F00786670 /* en */ = {isa = PBXFileReference; lastKnownFileType = file.xib; name = en; path = en.lproj/SequencesView.xib; sourceTree = "<group>"; };
		4D6E5D1A149785A800786670 /* en */ = {isa = PBXFileReference; lastKnownFileType = file.xib; name = en; path = en.lproj/TaxaView.xib; sourceTree = "<group>"; };
		4D6E5D2114978FF900786670 /* EyeBall.icns */ = {isa = PBXFileReference; lastKnownFileType = image.icns; path = EyeBall.icns; sourceTree = "<group>"; };
		4D6E5D531498D51D00786670 /* Alignment.h */ = {isa = PBXFileReference; fileEncoding = 4; lastKnownFileType = sourcecode.c.h; path = Alignment.h; sourceTree = "<group>"; };
		4D6E5D541498D51D00786670 /* Alignment.m */ = {isa = PBXFileReference; fileEncoding = 4; lastKnownFileType = sourcecode.c.objc; path = Alignment.m; sourceTree = "<group>"; };
		4D6E5D551498D51D00786670 /* Locus.h */ = {isa = PBXFileReference; fileEncoding = 4; lastKnownFileType = sourcecode.c.h; path = Locus.h; sourceTree = "<group>"; };
		4D6E5D561498D51D00786670 /* Locus.m */ = {isa = PBXFileReference; fileEncoding = 4; lastKnownFileType = sourcecode.c.objc; path = Locus.m; sourceTree = "<group>"; };
		4D6E5D571498D51D00786670 /* Sequence.h */ = {isa = PBXFileReference; fileEncoding = 4; lastKnownFileType = sourcecode.c.h; path = Sequence.h; sourceTree = "<group>"; };
		4D6E5D581498D51D00786670 /* Sequence.m */ = {isa = PBXFileReference; fileEncoding = 4; lastKnownFileType = sourcecode.c.objc; path = Sequence.m; sourceTree = "<group>"; };
		4D6E5D591498D51D00786670 /* Taxon.h */ = {isa = PBXFileReference; fileEncoding = 4; lastKnownFileType = sourcecode.c.h; path = Taxon.h; sourceTree = "<group>"; };
		4D6E5D5A1498D51D00786670 /* Taxon.m */ = {isa = PBXFileReference; fileEncoding = 4; lastKnownFileType = sourcecode.c.objc; path = Taxon.m; sourceTree = "<group>"; };
		4D6E5D5F1498D52800786670 /* NSArray_Extensions.h */ = {isa = PBXFileReference; fileEncoding = 4; lastKnownFileType = sourcecode.c.h; path = NSArray_Extensions.h; sourceTree = "<group>"; };
		4D6E5D601498D52800786670 /* NSArray_Extensions.m */ = {isa = PBXFileReference; fileEncoding = 4; lastKnownFileType = sourcecode.c.objc; path = NSArray_Extensions.m; sourceTree = "<group>"; };
		4D6E5D621498D54A00786670 /* BaseNode.h */ = {isa = PBXFileReference; fileEncoding = 4; lastKnownFileType = sourcecode.c.h; path = BaseNode.h; sourceTree = "<group>"; };
		4D6E5D631498D54A00786670 /* BaseNode.m */ = {isa = PBXFileReference; fileEncoding = 4; lastKnownFileType = sourcecode.c.objc; path = BaseNode.m; sourceTree = "<group>"; };
		4D6E5D641498D54A00786670 /* ChildEditController.h */ = {isa = PBXFileReference; fileEncoding = 4; lastKnownFileType = sourcecode.c.h; path = ChildEditController.h; sourceTree = "<group>"; };
		4D6E5D651498D54A00786670 /* ChildEditController.m */ = {isa = PBXFileReference; fileEncoding = 4; lastKnownFileType = sourcecode.c.objc; path = ChildEditController.m; sourceTree = "<group>"; };
		4D6E5D661498D54A00786670 /* ChildNode.h */ = {isa = PBXFileReference; fileEncoding = 4; lastKnownFileType = sourcecode.c.h; path = ChildNode.h; sourceTree = "<group>"; };
		4D6E5D671498D54A00786670 /* ChildNode.m */ = {isa = PBXFileReference; fileEncoding = 4; lastKnownFileType = sourcecode.c.objc; path = ChildNode.m; sourceTree = "<group>"; };
		4D6E5D681498D54A00786670 /* ImageAndTextCell.h */ = {isa = PBXFileReference; fileEncoding = 4; lastKnownFileType = sourcecode.c.h; path = ImageAndTextCell.h; sourceTree = "<group>"; };
		4D6E5D691498D54A00786670 /* ImageAndTextCell.m */ = {isa = PBXFileReference; fileEncoding = 4; lastKnownFileType = sourcecode.c.objc; path = ImageAndTextCell.m; sourceTree = "<group>"; };
		4D6E5D6A1498D54A00786670 /* SeparatorCell.h */ = {isa = PBXFileReference; fileEncoding = 4; lastKnownFileType = sourcecode.c.h; path = SeparatorCell.h; sourceTree = "<group>"; };
		4D6E5D6B1498D54A00786670 /* SeparatorCell.m */ = {isa = PBXFileReference; fileEncoding = 4; lastKnownFileType = sourcecode.c.objc; path = SeparatorCell.m; sourceTree = "<group>"; };
		4D6E5D711498D59700786670 /* EBSourceListController.h */ = {isa = PBXFileReference; fileEncoding = 4; lastKnownFileType = sourcecode.c.h; path = EBSourceListController.h; sourceTree = "<group>"; };
		4D6E5D721498D59700786670 /* EBSourceListController.m */ = {isa = PBXFileReference; fileEncoding = 4; lastKnownFileType = sourcecode.c.objc; path = EBSourceListController.m; sourceTree = "<group>"; };
		4D91B10614976B6F006BE06F /* EBOrganizerViewController.h */ = {isa = PBXFileReference; fileEncoding = 4; lastKnownFileType = sourcecode.c.h; path = EBOrganizerViewController.h; sourceTree = "<group>"; };
		4D91B10714976B6F006BE06F /* EBOrganizerViewController.m */ = {isa = PBXFileReference; fileEncoding = 4; lastKnownFileType = sourcecode.c.objc; path = EBOrganizerViewController.m; sourceTree = "<group>"; };
		4D91B10A14976B95006BE06F /* en */ = {isa = PBXFileReference; lastKnownFileType = file.xib; name = en; path = en.lproj/OrganizerView.xib; sourceTree = "<group>"; };
		4D91B11314976D34006BE06F /* en */ = {isa = PBXFileReference; lastKnownFileType = file.xib; name = en; path = en.lproj/LociView.xib; sourceTree = "<group>"; };
		4DA72B151497566F005F7A67 /* EyeBall.app */ = {isa = PBXFileReference; explicitFileType = wrapper.application; includeInIndex = 0; path = EyeBall.app; sourceTree = BUILT_PRODUCTS_DIR; };
		4DA72B191497566F005F7A67 /* Cocoa.framework */ = {isa = PBXFileReference; lastKnownFileType = wrapper.framework; name = Cocoa.framework; path = System/Library/Frameworks/Cocoa.framework; sourceTree = SDKROOT; };
		4DA72B1C1497566F005F7A67 /* AppKit.framework */ = {isa = PBXFileReference; lastKnownFileType = wrapper.framework; name = AppKit.framework; path = System/Library/Frameworks/AppKit.framework; sourceTree = SDKROOT; };
		4DA72B1D1497566F005F7A67 /* CoreData.framework */ = {isa = PBXFileReference; lastKnownFileType = wrapper.framework; name = CoreData.framework; path = System/Library/Frameworks/CoreData.framework; sourceTree = SDKROOT; };
		4DA72B1E1497566F005F7A67 /* Foundation.framework */ = {isa = PBXFileReference; lastKnownFileType = wrapper.framework; name = Foundation.framework; path = System/Library/Frameworks/Foundation.framework; sourceTree = SDKROOT; };
		4DA72B211497566F005F7A67 /* EyeBall-Info.plist */ = {isa = PBXFileReference; lastKnownFileType = text.plist.xml; path = "EyeBall-Info.plist"; sourceTree = "<group>"; };
		4DA72B231497566F005F7A67 /* en */ = {isa = PBXFileReference; lastKnownFileType = text.plist.strings; name = en; path = en.lproj/InfoPlist.strings; sourceTree = "<group>"; };
		4DA72B251497566F005F7A67 /* main.m */ = {isa = PBXFileReference; lastKnownFileType = sourcecode.c.objc; path = main.m; sourceTree = "<group>"; };
		4DA72B271497566F005F7A67 /* EyeBall-Prefix.pch */ = {isa = PBXFileReference; lastKnownFileType = sourcecode.c.h; path = "EyeBall-Prefix.pch"; sourceTree = "<group>"; };
		4DA72B291497566F005F7A67 /* en */ = {isa = PBXFileReference; lastKnownFileType = text.rtf; name = en; path = en.lproj/Credits.rtf; sourceTree = "<group>"; };
		4DA72B2B1497566F005F7A67 /* EBDocument.h */ = {isa = PBXFileReference; lastKnownFileType = sourcecode.c.h; path = EBDocument.h; sourceTree = "<group>"; };
		4DA72B2C1497566F005F7A67 /* EBDocument.m */ = {isa = PBXFileReference; lastKnownFileType = sourcecode.c.objc; path = EBDocument.m; sourceTree = "<group>"; };
		4DA72B2F1497566F005F7A67 /* en */ = {isa = PBXFileReference; lastKnownFileType = file.xib; name = en; path = en.lproj/EBDocument.xib; sourceTree = "<group>"; };
		4DA72B321497566F005F7A67 /* en */ = {isa = PBXFileReference; lastKnownFileType = file.xib; name = en; path = en.lproj/MainMenu.xib; sourceTree = "<group>"; };
		4DA72B351497566F005F7A67 /* EBDocument.xcdatamodel */ = {isa = PBXFileReference; lastKnownFileType = wrapper.xcdatamodel; path = EBDocument.xcdatamodel; sourceTree = "<group>"; };
		4DA72B3C1497566F005F7A67 /* EyeBallTests.octest */ = {isa = PBXFileReference; explicitFileType = wrapper.cfbundle; includeInIndex = 0; path = EyeBallTests.octest; sourceTree = BUILT_PRODUCTS_DIR; };
		4DA72B3D1497566F005F7A67 /* SenTestingKit.framework */ = {isa = PBXFileReference; lastKnownFileType = wrapper.framework; name = SenTestingKit.framework; path = Library/Frameworks/SenTestingKit.framework; sourceTree = DEVELOPER_DIR; };
		4DA72B441497566F005F7A67 /* EyeBallTests-Info.plist */ = {isa = PBXFileReference; lastKnownFileType = text.plist.xml; path = "EyeBallTests-Info.plist"; sourceTree = "<group>"; };
		4DA72B4614975670005F7A67 /* en */ = {isa = PBXFileReference; lastKnownFileType = text.plist.strings; name = en; path = en.lproj/InfoPlist.strings; sourceTree = "<group>"; };
		4DA72B4814975670005F7A67 /* EyeBallTests.h */ = {isa = PBXFileReference; lastKnownFileType = sourcecode.c.h; path = EyeBallTests.h; sourceTree = "<group>"; };
		4DA72B4914975670005F7A67 /* EyeBallTests.m */ = {isa = PBXFileReference; lastKnownFileType = sourcecode.c.objc; path = EyeBallTests.m; sourceTree = "<group>"; };
		4DA72B4F14975670005F7A67 /* EyeBallImporter.mdimporter */ = {isa = PBXFileReference; explicitFileType = wrapper.cfbundle; includeInIndex = 0; path = EyeBallImporter.mdimporter; sourceTree = BUILT_PRODUCTS_DIR; };
		4DA72B5314975670005F7A67 /* CoreServices.framework */ = {isa = PBXFileReference; lastKnownFileType = wrapper.framework; name = CoreServices.framework; path = System/Library/Frameworks/CoreServices.framework; sourceTree = SDKROOT; };
		4DA72B5514975670005F7A67 /* CoreFoundation.framework */ = {isa = PBXFileReference; lastKnownFileType = wrapper.framework; name = CoreFoundation.framework; path = System/Library/Frameworks/CoreFoundation.framework; sourceTree = SDKROOT; };
		4DA72B5714975670005F7A67 /* CoreData.framework */ = {isa = PBXFileReference; lastKnownFileType = wrapper.framework; name = CoreData.framework; path = System/Library/Frameworks/CoreData.framework; sourceTree = SDKROOT; };
		4DA72B5914975670005F7A67 /* Foundation.framework */ = {isa = PBXFileReference; lastKnownFileType = wrapper.framework; name = Foundation.framework; path = System/Library/Frameworks/Foundation.framework; sourceTree = SDKROOT; };
		4DA72B5D14975670005F7A67 /* EyeBallImporter-Info.plist */ = {isa = PBXFileReference; lastKnownFileType = text.plist.xml; path = "EyeBallImporter-Info.plist"; sourceTree = "<group>"; };
		4DA72B5F14975670005F7A67 /* en */ = {isa = PBXFileReference; lastKnownFileType = text.plist.strings; name = en; path = en.lproj/InfoPlist.strings; sourceTree = "<group>"; };
		4DA72B6114975670005F7A67 /* main.c */ = {isa = PBXFileReference; lastKnownFileType = sourcecode.c.c; path = main.c; sourceTree = "<group>"; };
		4DA72B6314975670005F7A67 /* GetMetadataForFile.m */ = {isa = PBXFileReference; lastKnownFileType = sourcecode.c.objc; path = GetMetadataForFile.m; sourceTree = "<group>"; };
		4DA72B6514975670005F7A67 /* MySpotlightImporter.h */ = {isa = PBXFileReference; lastKnownFileType = sourcecode.c.h; path = MySpotlightImporter.h; sourceTree = "<group>"; };
		4DA72B6614975670005F7A67 /* MySpotlightImporter.m */ = {isa = PBXFileReference; lastKnownFileType = sourcecode.c.objc; path = MySpotlightImporter.m; sourceTree = "<group>"; };
		4DA72B6814975670005F7A67 /* Importer Read Me.txt */ = {isa = PBXFileReference; lastKnownFileType = text; path = "Importer Read Me.txt"; sourceTree = "<group>"; };
		4DA72B6914975670005F7A67 /* EyeBallImporter-Prefix.pch */ = {isa = PBXFileReference; lastKnownFileType = sourcecode.c.h; path = "EyeBallImporter-Prefix.pch"; sourceTree = "<group>"; };
		4DA72B7814975764005F7A67 /* en */ = {isa = PBXFileReference; lastKnownFileType = file.xib; name = en; path = en.lproj/Preferences.xib; sourceTree = "<group>"; };
		4DA72B7D149757DE005F7A67 /* PreferenceController.h */ = {isa = PBXFileReference; fileEncoding = 4; lastKnownFileType = sourcecode.c.h; path = PreferenceController.h; sourceTree = "<group>"; };
		4DA72B7E149757DE005F7A67 /* PreferenceController.m */ = {isa = PBXFileReference; fileEncoding = 4; lastKnownFileType = sourcecode.c.objc; path = PreferenceController.m; sourceTree = "<group>"; };
		4DA72B81149757F4005F7A67 /* AppController.h */ = {isa = PBXFileReference; fileEncoding = 4; lastKnownFileType = sourcecode.c.h; path = AppController.h; sourceTree = "<group>"; };
		4DA72B82149757F4005F7A67 /* AppController.m */ = {isa = PBXFileReference; fileEncoding = 4; lastKnownFileType = sourcecode.c.objc; path = AppController.m; sourceTree = "<group>"; };
		4DA72B851497588F005F7A67 /* en */ = {isa = PBXFileReference; lastKnownFileType = text.plist.strings; name = en; path = en.lproj/Localizable.strings; sourceTree = "<group>"; };
		4DA72B8814975A10005F7A67 /* en */ = {isa = PBXFileReference; lastKnownFileType = file.xib; name = en; path = en.lproj/AlignmentView.xib; sourceTree = "<group>"; };
		4DAB32B214975E310084FB3E /* ManagingViewController.h */ = {isa = PBXFileReference; fileEncoding = 4; lastKnownFileType = sourcecode.c.h; path = ManagingViewController.h; sourceTree = "<group>"; };
		4DAB32B314975E310084FB3E /* ManagingViewController.m */ = {isa = PBXFileReference; fileEncoding = 4; lastKnownFileType = sourcecode.c.objc; path = ManagingViewController.m; sourceTree = "<group>"; };
		4DD74F6914976E4900BB547B /* EBSequencesViewController.h */ = {isa = PBXFileReference; fileEncoding = 4; lastKnownFileType = sourcecode.c.h; path = EBSequencesViewController.h; sourceTree = "<group>"; };
		4DD74F6A14976E4900BB547B /* EBSequencesViewController.m */ = {isa = PBXFileReference; fileEncoding = 4; lastKnownFileType = sourcecode.c.objc; path = EBSequencesViewController.m; sourceTree = "<group>"; };
		4DD74F6C14976E6D00BB547B /* EBTaxaViewController.h */ = {isa = PBXFileReference; fileEncoding = 4; lastKnownFileType = sourcecode.c.h; path = EBTaxaViewController.h; sourceTree = "<group>"; };
		4DD74F6D14976E6D00BB547B /* EBTaxaViewController.m */ = {isa = PBXFileReference; fileEncoding = 4; lastKnownFileType = sourcecode.c.objc; path = EBTaxaViewController.m; sourceTree = "<group>"; };
		4DD74F6F14976E8A00BB547B /* EBLociViewController.h */ = {isa = PBXFileReference; fileEncoding = 4; lastKnownFileType = sourcecode.c.h; path = EBLociViewController.h; sourceTree = "<group>"; };
		4DD74F7014976E8A00BB547B /* EBLociViewController.m */ = {isa = PBXFileReference; fileEncoding = 4; lastKnownFileType = sourcecode.c.objc; path = EBLociViewController.m; sourceTree = "<group>"; };
/* End PBXFileReference section */

/* Begin PBXFrameworksBuildPhase section */
		4DA72B121497566F005F7A67 /* Frameworks */ = {
			isa = PBXFrameworksBuildPhase;
			buildActionMask = 2147483647;
			files = (
				4DA72B1A1497566F005F7A67 /* Cocoa.framework in Frameworks */,
			);
			runOnlyForDeploymentPostprocessing = 0;
		};
		4DA72B381497566F005F7A67 /* Frameworks */ = {
			isa = PBXFrameworksBuildPhase;
			buildActionMask = 2147483647;
			files = (
				4DA72B3E1497566F005F7A67 /* SenTestingKit.framework in Frameworks */,
				4DA72B3F1497566F005F7A67 /* Cocoa.framework in Frameworks */,
			);
			runOnlyForDeploymentPostprocessing = 0;
		};
		4DA72B4C14975670005F7A67 /* Frameworks */ = {
			isa = PBXFrameworksBuildPhase;
			buildActionMask = 2147483647;
			files = (
				4DA72B5414975670005F7A67 /* CoreServices.framework in Frameworks */,
				4DA72B5614975670005F7A67 /* CoreFoundation.framework in Frameworks */,
				4DA72B5814975670005F7A67 /* CoreData.framework in Frameworks */,
				4DA72B5A14975670005F7A67 /* Foundation.framework in Frameworks */,
			);
			runOnlyForDeploymentPostprocessing = 0;
		};
/* End PBXFrameworksBuildPhase section */

/* Begin PBXGroup section */
		4D6E5D501498D4D800786670 /* Data */ = {
			isa = PBXGroup;
			children = (
				4D6E5D531498D51D00786670 /* Alignment.h */,
				4D6E5D541498D51D00786670 /* Alignment.m */,
				4D6E5D551498D51D00786670 /* Locus.h */,
				4D6E5D561498D51D00786670 /* Locus.m */,
				4D6E5D571498D51D00786670 /* Sequence.h */,
				4D6E5D581498D51D00786670 /* Sequence.m */,
				4D6E5D591498D51D00786670 /* Taxon.h */,
				4D6E5D5A1498D51D00786670 /* Taxon.m */,
				4DA72B341497566F005F7A67 /* EBDocument.xcdatamodeld */,
				4D0F716E1498D8F600C1B21B /* SourceList.xcdatamodeld */,
			);
			name = Data;
			sourceTree = "<group>";
		};
		4D6E5D511498D4DF00786670 /* SourceList */ = {
			isa = PBXGroup;
			children = (
				4D6E5D621498D54A00786670 /* BaseNode.h */,
				4D6E5D631498D54A00786670 /* BaseNode.m */,
				4D6E5D641498D54A00786670 /* ChildEditController.h */,
				4D6E5D651498D54A00786670 /* ChildEditController.m */,
				4D6E5D661498D54A00786670 /* ChildNode.h */,
				4D6E5D671498D54A00786670 /* ChildNode.m */,
				4D6E5D681498D54A00786670 /* ImageAndTextCell.h */,
				4D6E5D691498D54A00786670 /* ImageAndTextCell.m */,
				4D6E5D6A1498D54A00786670 /* SeparatorCell.h */,
				4D6E5D6B1498D54A00786670 /* SeparatorCell.m */,
			);
			name = SourceList;
			sourceTree = "<group>";
		};
		4D6E5D521498D4EA00786670 /* Utils */ = {
			isa = PBXGroup;
			children = (
				4D6E5D5F1498D52800786670 /* NSArray_Extensions.h */,
				4D6E5D601498D52800786670 /* NSArray_Extensions.m */,
			);
			name = Utils;
			sourceTree = "<group>";
		};
		4DA72B0A1497566F005F7A67 = {
			isa = PBXGroup;
			children = (
				4DA72B1F1497566F005F7A67 /* EyeBall */,
				4DA72B421497566F005F7A67 /* EyeBallTests */,
				4DA72B5B14975670005F7A67 /* EyeBallImporter */,
				4DA72B181497566F005F7A67 /* Frameworks */,
				4DA72B161497566F005F7A67 /* Products */,
			);
			sourceTree = "<group>";
		};
		4DA72B161497566F005F7A67 /* Products */ = {
			isa = PBXGroup;
			children = (
				4DA72B151497566F005F7A67 /* EyeBall.app */,
				4DA72B3C1497566F005F7A67 /* EyeBallTests.octest */,
				4DA72B4F14975670005F7A67 /* EyeBallImporter.mdimporter */,
			);
			name = Products;
			sourceTree = "<group>";
		};
		4DA72B181497566F005F7A67 /* Frameworks */ = {
			isa = PBXGroup;
			children = (
				4DA72B191497566F005F7A67 /* Cocoa.framework */,
				4DA72B3D1497566F005F7A67 /* SenTestingKit.framework */,
				4DA72B5314975670005F7A67 /* CoreServices.framework */,
				4DA72B5514975670005F7A67 /* CoreFoundation.framework */,
				4DA72B5714975670005F7A67 /* CoreData.framework */,
				4DA72B5914975670005F7A67 /* Foundation.framework */,
				4DA72B1B1497566F005F7A67 /* Other Frameworks */,
			);
			name = Frameworks;
			sourceTree = "<group>";
		};
		4DA72B1B1497566F005F7A67 /* Other Frameworks */ = {
			isa = PBXGroup;
			children = (
				4DA72B1C1497566F005F7A67 /* AppKit.framework */,
				4DA72B1D1497566F005F7A67 /* CoreData.framework */,
				4DA72B1E1497566F005F7A67 /* Foundation.framework */,
			);
			name = "Other Frameworks";
			sourceTree = "<group>";
		};
		4DA72B1F1497566F005F7A67 /* EyeBall */ = {
			isa = PBXGroup;
			children = (
				4DA72B81149757F4005F7A67 /* AppController.h */,
				4DA72B82149757F4005F7A67 /* AppController.m */,
				4DA72B2B1497566F005F7A67 /* EBDocument.h */,
				4DA72B2C1497566F005F7A67 /* EBDocument.m */,
				4D6E5D711498D59700786670 /* EBSourceListController.h */,
				4D6E5D721498D59700786670 /* EBSourceListController.m */,
				4DA72B2E1497566F005F7A67 /* EBDocument.xib */,
				4D494AB414975EEE007C08CD /* EBAlignmentViewController.h */,
				4D494AB514975EEE007C08CD /* EBAlignmentViewController.m */,
				4DA72B8714975A10005F7A67 /* AlignmentView.xib */,
				4DD74F6F14976E8A00BB547B /* EBLociViewController.h */,
				4DD74F7014976E8A00BB547B /* EBLociViewController.m */,
				4D91B11214976D34006BE06F /* LociView.xib */,
				4D91B10614976B6F006BE06F /* EBOrganizerViewController.h */,
				4D91B10714976B6F006BE06F /* EBOrganizerViewController.m */,
				4D91B10914976B95006BE06F /* OrganizerView.xib */,
				4DD74F6914976E4900BB547B /* EBSequencesViewController.h */,
				4DD74F6A14976E4900BB547B /* EBSequencesViewController.m */,
				4D6E5D161497859F00786670 /* SequencesView.xib */,
				4DD74F6C14976E6D00BB547B /* EBTaxaViewController.h */,
				4DD74F6D14976E6D00BB547B /* EBTaxaViewController.m */,
				4D6E5D19149785A800786670 /* TaxaView.xib */,
				4DAB32B214975E310084FB3E /* ManagingViewController.h */,
				4DAB32B314975E310084FB3E /* ManagingViewController.m */,
				4DA72B7D149757DE005F7A67 /* PreferenceController.h */,
				4DA72B7E149757DE005F7A67 /* PreferenceController.m */,
				4DA72B7714975764005F7A67 /* Preferences.xib */,
				4DA72B311497566F005F7A67 /* MainMenu.xib */,
				4D6E5D501498D4D800786670 /* Data */,
				4D6E5D511498D4DF00786670 /* SourceList */,
				4D6E5D521498D4EA00786670 /* Utils */,
				4DA72B201497566F005F7A67 /* Supporting Files */,
			);
			path = EyeBall;
			sourceTree = "<group>";
		};
		4DA72B201497566F005F7A67 /* Supporting Files */ = {
			isa = PBXGroup;
			children = (
				4DA72B211497566F005F7A67 /* EyeBall-Info.plist */,
				4DA72B841497588F005F7A67 /* Localizable.strings */,
				4DA72B221497566F005F7A67 /* InfoPlist.strings */,
				4DA72B251497566F005F7A67 /* main.m */,
				4DA72B271497566F005F7A67 /* EyeBall-Prefix.pch */,
				4DA72B281497566F005F7A67 /* Credits.rtf */,
				4D6E5D2114978FF900786670 /* EyeBall.icns */,
			);
			name = "Supporting Files";
			sourceTree = "<group>";
		};
		4DA72B421497566F005F7A67 /* EyeBallTests */ = {
			isa = PBXGroup;
			children = (
				4DA72B4814975670005F7A67 /* EyeBallTests.h */,
				4DA72B4914975670005F7A67 /* EyeBallTests.m */,
				4DA72B431497566F005F7A67 /* Supporting Files */,
			);
			path = EyeBallTests;
			sourceTree = "<group>";
		};
		4DA72B431497566F005F7A67 /* Supporting Files */ = {
			isa = PBXGroup;
			children = (
				4DA72B441497566F005F7A67 /* EyeBallTests-Info.plist */,
				4DA72B4514975670005F7A67 /* InfoPlist.strings */,
			);
			name = "Supporting Files";
			sourceTree = "<group>";
		};
		4DA72B5B14975670005F7A67 /* EyeBallImporter */ = {
			isa = PBXGroup;
			children = (
				4DA72B6314975670005F7A67 /* GetMetadataForFile.m */,
				4DA72B6514975670005F7A67 /* MySpotlightImporter.h */,
				4DA72B6614975670005F7A67 /* MySpotlightImporter.m */,
				4DA72B6814975670005F7A67 /* Importer Read Me.txt */,
				4DA72B5C14975670005F7A67 /* Supporting Files */,
			);
			path = EyeBallImporter;
			sourceTree = "<group>";
		};
		4DA72B5C14975670005F7A67 /* Supporting Files */ = {
			isa = PBXGroup;
			children = (
				4DA72B5D14975670005F7A67 /* EyeBallImporter-Info.plist */,
				4DA72B5E14975670005F7A67 /* InfoPlist.strings */,
				4DA72B6114975670005F7A67 /* main.c */,
				4DA72B6914975670005F7A67 /* EyeBallImporter-Prefix.pch */,
			);
			name = "Supporting Files";
			sourceTree = "<group>";
		};
/* End PBXGroup section */

/* Begin PBXNativeTarget section */
		4DA72B141497566F005F7A67 /* EyeBall */ = {
			isa = PBXNativeTarget;
			buildConfigurationList = 4DA72B6F14975670005F7A67 /* Build configuration list for PBXNativeTarget "EyeBall" */;
			buildPhases = (
				4DA72B111497566F005F7A67 /* Sources */,
				4DA72B121497566F005F7A67 /* Frameworks */,
				4DA72B131497566F005F7A67 /* Resources */,
			);
			buildRules = (
			);
			dependencies = (
				4DA72B5114975670005F7A67 /* PBXTargetDependency */,
			);
			name = EyeBall;
			productName = EyeBall;
			productReference = 4DA72B151497566F005F7A67 /* EyeBall.app */;
			productType = "com.apple.product-type.application";
		};
		4DA72B3B1497566F005F7A67 /* EyeBallTests */ = {
			isa = PBXNativeTarget;
			buildConfigurationList = 4DA72B7214975670005F7A67 /* Build configuration list for PBXNativeTarget "EyeBallTests" */;
			buildPhases = (
				4DA72B371497566F005F7A67 /* Sources */,
				4DA72B381497566F005F7A67 /* Frameworks */,
				4DA72B391497566F005F7A67 /* Resources */,
				4DA72B3A1497566F005F7A67 /* ShellScript */,
			);
			buildRules = (
			);
			dependencies = (
				4DA72B411497566F005F7A67 /* PBXTargetDependency */,
			);
			name = EyeBallTests;
			productName = EyeBallTests;
			productReference = 4DA72B3C1497566F005F7A67 /* EyeBallTests.octest */;
			productType = "com.apple.product-type.bundle";
		};
		4DA72B4E14975670005F7A67 /* EyeBallImporter */ = {
			isa = PBXNativeTarget;
			buildConfigurationList = 4DA72B6C14975670005F7A67 /* Build configuration list for PBXNativeTarget "EyeBallImporter" */;
			buildPhases = (
				4DA72B4B14975670005F7A67 /* Sources */,
				4DA72B4C14975670005F7A67 /* Frameworks */,
				4DA72B4D14975670005F7A67 /* Resources */,
			);
			buildRules = (
			);
			dependencies = (
			);
			name = EyeBallImporter;
			productName = EyeBallImporter;
			productReference = 4DA72B4F14975670005F7A67 /* EyeBallImporter.mdimporter */;
			productType = "com.apple.product-type.bundle";
		};
/* End PBXNativeTarget section */

/* Begin PBXProject section */
		4DA72B0C1497566F005F7A67 /* Project object */ = {
			isa = PBXProject;
			attributes = {
				LastUpgradeCheck = 0420;
				ORGANIZATIONNAME = "Andrew Rambaut";
			};
			buildConfigurationList = 4DA72B0F1497566F005F7A67 /* Build configuration list for PBXProject "EyeBall" */;
			compatibilityVersion = "Xcode 3.2";
			developmentRegion = English;
			hasScannedForEncodings = 0;
			knownRegions = (
				en,
			);
			mainGroup = 4DA72B0A1497566F005F7A67;
			productRefGroup = 4DA72B161497566F005F7A67 /* Products */;
			projectDirPath = "";
			projectRoot = "";
			targets = (
				4DA72B141497566F005F7A67 /* EyeBall */,
				4DA72B3B1497566F005F7A67 /* EyeBallTests */,
				4DA72B4E14975670005F7A67 /* EyeBallImporter */,
			);
		};
/* End PBXProject section */

/* Begin PBXResourcesBuildPhase section */
		4DA72B131497566F005F7A67 /* Resources */ = {
			isa = PBXResourcesBuildPhase;
			buildActionMask = 2147483647;
			files = (
				4DA72B241497566F005F7A67 /* InfoPlist.strings in Resources */,
				4DA72B2A1497566F005F7A67 /* Credits.rtf in Resources */,
				4DA72B301497566F005F7A67 /* EBDocument.xib in Resources */,
				4DA72B331497566F005F7A67 /* MainMenu.xib in Resources */,
				4DA72B5214975670005F7A67 /* EyeBallImporter.mdimporter in Resources */,
				4DA72B7A14975764005F7A67 /* Preferences.xib in Resources */,
				4DA72B861497588F005F7A67 /* Localizable.strings in Resources */,
				4DA72B8914975A10005F7A67 /* AlignmentView.xib in Resources */,
				4D91B10B14976B95006BE06F /* OrganizerView.xib in Resources */,
				4D91B11414976D34006BE06F /* LociView.xib in Resources */,
				4D6E5D181497859F00786670 /* SequencesView.xib in Resources */,
				4D6E5D1B149785A800786670 /* TaxaView.xib in Resources */,
				4D6E5D2214978FF900786670 /* EyeBall.icns in Resources */,
			);
			runOnlyForDeploymentPostprocessing = 0;
		};
		4DA72B391497566F005F7A67 /* Resources */ = {
			isa = PBXResourcesBuildPhase;
			buildActionMask = 2147483647;
			files = (
				4DA72B4714975670005F7A67 /* InfoPlist.strings in Resources */,
			);
			runOnlyForDeploymentPostprocessing = 0;
		};
		4DA72B4D14975670005F7A67 /* Resources */ = {
			isa = PBXResourcesBuildPhase;
			buildActionMask = 2147483647;
			files = (
				4DA72B6014975670005F7A67 /* InfoPlist.strings in Resources */,
			);
			runOnlyForDeploymentPostprocessing = 0;
		};
/* End PBXResourcesBuildPhase section */

/* Begin PBXShellScriptBuildPhase section */
		4DA72B3A1497566F005F7A67 /* ShellScript */ = {
			isa = PBXShellScriptBuildPhase;
			buildActionMask = 2147483647;
			files = (
			);
			inputPaths = (
			);
			outputPaths = (
			);
			runOnlyForDeploymentPostprocessing = 0;
			shellPath = /bin/sh;
			shellScript = "# Run the unit tests in this test bundle.\n\"${SYSTEM_DEVELOPER_DIR}/Tools/RunUnitTests\"\n";
		};
/* End PBXShellScriptBuildPhase section */

/* Begin PBXSourcesBuildPhase section */
		4DA72B111497566F005F7A67 /* Sources */ = {
			isa = PBXSourcesBuildPhase;
			buildActionMask = 2147483647;
			files = (
				4DA72B261497566F005F7A67 /* main.m in Sources */,
				4DA72B2D1497566F005F7A67 /* EBDocument.m in Sources */,
				4DA72B361497566F005F7A67 /* EBDocument.xcdatamodeld in Sources */,
				4DA72B80149757DE005F7A67 /* PreferenceController.m in Sources */,
				4DA72B83149757F4005F7A67 /* AppController.m in Sources */,
				4DAB32B514975E310084FB3E /* ManagingViewController.m in Sources */,
				4D494AB614975EEE007C08CD /* EBAlignmentViewController.m in Sources */,
				4D91B10814976B6F006BE06F /* EBOrganizerViewController.m in Sources */,
				4DD74F6B14976E4900BB547B /* EBSequencesViewController.m in Sources */,
				4DD74F6E14976E6D00BB547B /* EBTaxaViewController.m in Sources */,
				4DD74F7114976E8A00BB547B /* EBLociViewController.m in Sources */,
				4D6E5D5B1498D51D00786670 /* Alignment.m in Sources */,
				4D6E5D5C1498D51D00786670 /* Locus.m in Sources */,
				4D6E5D5D1498D51D00786670 /* Sequence.m in Sources */,
				4D6E5D5E1498D51D00786670 /* Taxon.m in Sources */,
				4D6E5D611498D52800786670 /* NSArray_Extensions.m in Sources */,
				4D6E5D6C1498D54B00786670 /* BaseNode.m in Sources */,
				4D6E5D6D1498D54B00786670 /* ChildEditController.m in Sources */,
				4D6E5D6E1498D54B00786670 /* ChildNode.m in Sources */,
				4D6E5D6F1498D54B00786670 /* ImageAndTextCell.m in Sources */,
				4D6E5D701498D54B00786670 /* SeparatorCell.m in Sources */,
				4D6E5D731498D59700786670 /* EBSourceListController.m in Sources */,
				4D0F71701498D8F600C1B21B /* SourceList.xcdatamodeld in Sources */,
			);
			runOnlyForDeploymentPostprocessing = 0;
		};
		4DA72B371497566F005F7A67 /* Sources */ = {
			isa = PBXSourcesBuildPhase;
			buildActionMask = 2147483647;
			files = (
				4DA72B4A14975670005F7A67 /* EyeBallTests.m in Sources */,
			);
			runOnlyForDeploymentPostprocessing = 0;
		};
		4DA72B4B14975670005F7A67 /* Sources */ = {
			isa = PBXSourcesBuildPhase;
			buildActionMask = 2147483647;
			files = (
				4DA72B6214975670005F7A67 /* main.c in Sources */,
				4DA72B6414975670005F7A67 /* GetMetadataForFile.m in Sources */,
				4DA72B6714975670005F7A67 /* MySpotlightImporter.m in Sources */,
			);
			runOnlyForDeploymentPostprocessing = 0;
		};
/* End PBXSourcesBuildPhase section */

/* Begin PBXTargetDependency section */
		4DA72B411497566F005F7A67 /* PBXTargetDependency */ = {
			isa = PBXTargetDependency;
			target = 4DA72B141497566F005F7A67 /* EyeBall */;
			targetProxy = 4DA72B401497566F005F7A67 /* PBXContainerItemProxy */;
		};
		4DA72B5114975670005F7A67 /* PBXTargetDependency */ = {
			isa = PBXTargetDependency;
			target = 4DA72B4E14975670005F7A67 /* EyeBallImporter */;
			targetProxy = 4DA72B5014975670005F7A67 /* PBXContainerItemProxy */;
		};
/* End PBXTargetDependency section */

/* Begin PBXVariantGroup section */
		4D6E5D161497859F00786670 /* SequencesView.xib */ = {
			isa = PBXVariantGroup;
			children = (
				4D6E5D171497859F00786670 /* en */,
			);
			name = SequencesView.xib;
			sourceTree = "<group>";
		};
		4D6E5D19149785A800786670 /* TaxaView.xib */ = {
			isa = PBXVariantGroup;
			children = (
				4D6E5D1A149785A800786670 /* en */,
			);
			name = TaxaView.xib;
			sourceTree = "<group>";
		};
		4D91B10914976B95006BE06F /* OrganizerView.xib */ = {
			isa = PBXVariantGroup;
			children = (
				4D91B10A14976B95006BE06F /* en */,
			);
			name = OrganizerView.xib;
			sourceTree = "<group>";
		};
		4D91B11214976D34006BE06F /* LociView.xib */ = {
			isa = PBXVariantGroup;
			children = (
				4D91B11314976D34006BE06F /* en */,
			);
			name = LociView.xib;
			sourceTree = "<group>";
		};
		4DA72B221497566F005F7A67 /* InfoPlist.strings */ = {
			isa = PBXVariantGroup;
			children = (
				4DA72B231497566F005F7A67 /* en */,
			);
			name = InfoPlist.strings;
			sourceTree = "<group>";
		};
		4DA72B281497566F005F7A67 /* Credits.rtf */ = {
			isa = PBXVariantGroup;
			children = (
				4DA72B291497566F005F7A67 /* en */,
			);
			name = Credits.rtf;
			sourceTree = "<group>";
		};
		4DA72B2E1497566F005F7A67 /* EBDocument.xib */ = {
			isa = PBXVariantGroup;
			children = (
				4DA72B2F1497566F005F7A67 /* en */,
			);
			name = EBDocument.xib;
			sourceTree = "<group>";
		};
		4DA72B311497566F005F7A67 /* MainMenu.xib */ = {
			isa = PBXVariantGroup;
			children = (
				4DA72B321497566F005F7A67 /* en */,
			);
			name = MainMenu.xib;
			sourceTree = "<group>";
		};
		4DA72B4514975670005F7A67 /* InfoPlist.strings */ = {
			isa = PBXVariantGroup;
			children = (
				4DA72B4614975670005F7A67 /* en */,
			);
			name = InfoPlist.strings;
			sourceTree = "<group>";
		};
		4DA72B5E14975670005F7A67 /* InfoPlist.strings */ = {
			isa = PBXVariantGroup;
			children = (
				4DA72B5F14975670005F7A67 /* en */,
			);
			name = InfoPlist.strings;
			sourceTree = "<group>";
		};
		4DA72B7714975764005F7A67 /* Preferences.xib */ = {
			isa = PBXVariantGroup;
			children = (
				4DA72B7814975764005F7A67 /* en */,
			);
			name = Preferences.xib;
			sourceTree = "<group>";
		};
		4DA72B841497588F005F7A67 /* Localizable.strings */ = {
			isa = PBXVariantGroup;
			children = (
				4DA72B851497588F005F7A67 /* en */,
			);
			name = Localizable.strings;
			sourceTree = "<group>";
		};
		4DA72B8714975A10005F7A67 /* AlignmentView.xib */ = {
			isa = PBXVariantGroup;
			children = (
				4DA72B8814975A10005F7A67 /* en */,
			);
			name = AlignmentView.xib;
			sourceTree = "<group>";
		};
/* End PBXVariantGroup section */

/* Begin XCBuildConfiguration section */
		4DA72B6A14975670005F7A67 /* Debug */ = {
			isa = XCBuildConfiguration;
			buildSettings = {
				ALWAYS_SEARCH_USER_PATHS = NO;
				ARCHS = "$(ARCHS_STANDARD_64_BIT)";
				CLANG_ENABLE_OBJC_ARC = YES;
				COPY_PHASE_STRIP = NO;
				GCC_C_LANGUAGE_STANDARD = gnu99;
				GCC_DYNAMIC_NO_PIC = NO;
				GCC_ENABLE_OBJC_EXCEPTIONS = YES;
				GCC_OPTIMIZATION_LEVEL = 0;
				GCC_PREPROCESSOR_DEFINITIONS = (
					"DEBUG=1",
					"$(inherited)",
				);
				GCC_SYMBOLS_PRIVATE_EXTERN = NO;
				GCC_VERSION = com.apple.compilers.llvm.clang.1_0;
				GCC_WARN_64_TO_32_BIT_CONVERSION = YES;
				GCC_WARN_ABOUT_MISSING_PROTOTYPES = YES;
				GCC_WARN_ABOUT_RETURN_TYPE = YES;
				GCC_WARN_UNUSED_VARIABLE = YES;
				MACOSX_DEPLOYMENT_TARGET = 10.7;
				ONLY_ACTIVE_ARCH = YES;
				SDKROOT = macosx;
			};
			name = Debug;
		};
		4DA72B6B14975670005F7A67 /* Release */ = {
			isa = XCBuildConfiguration;
			buildSettings = {
				ALWAYS_SEARCH_USER_PATHS = NO;
				ARCHS = "$(ARCHS_STANDARD_64_BIT)";
				CLANG_ENABLE_OBJC_ARC = YES;
				COPY_PHASE_STRIP = YES;
				DEBUG_INFORMATION_FORMAT = "dwarf-with-dsym";
				GCC_C_LANGUAGE_STANDARD = gnu99;
				GCC_ENABLE_OBJC_EXCEPTIONS = YES;
				GCC_VERSION = com.apple.compilers.llvm.clang.1_0;
				GCC_WARN_64_TO_32_BIT_CONVERSION = YES;
				GCC_WARN_ABOUT_MISSING_PROTOTYPES = YES;
				GCC_WARN_ABOUT_RETURN_TYPE = YES;
				GCC_WARN_UNUSED_VARIABLE = YES;
				MACOSX_DEPLOYMENT_TARGET = 10.7;
				SDKROOT = macosx;
			};
			name = Release;
		};
		4DA72B6D14975670005F7A67 /* Debug */ = {
			isa = XCBuildConfiguration;
			buildSettings = {
				ALWAYS_SEARCH_USER_PATHS = YES;
				GCC_PRECOMPILE_PREFIX_HEADER = YES;
				GCC_PREFIX_HEADER = "EyeBallImporter/EyeBallImporter-Prefix.pch";
				INFOPLIST_FILE = "EyeBallImporter/EyeBallImporter-Info.plist";
				INSTALL_PATH = "@executable_path/../Contents/Library/Spotlight";
				LIBRARY_STYLE = BUNDLE;
				PRODUCT_NAME = "$(TARGET_NAME)";
				SKIP_INSTALL = YES;
				WRAPPER_EXTENSION = mdimporter;
			};
			name = Debug;
		};
		4DA72B6E14975670005F7A67 /* Release */ = {
			isa = XCBuildConfiguration;
			buildSettings = {
				ALWAYS_SEARCH_USER_PATHS = YES;
				GCC_PRECOMPILE_PREFIX_HEADER = YES;
				GCC_PREFIX_HEADER = "EyeBallImporter/EyeBallImporter-Prefix.pch";
				INFOPLIST_FILE = "EyeBallImporter/EyeBallImporter-Info.plist";
				INSTALL_PATH = "@executable_path/../Contents/Library/Spotlight";
				LIBRARY_STYLE = BUNDLE;
				PRODUCT_NAME = "$(TARGET_NAME)";
				SKIP_INSTALL = YES;
				WRAPPER_EXTENSION = mdimporter;
			};
			name = Release;
		};
		4DA72B7014975670005F7A67 /* Debug */ = {
			isa = XCBuildConfiguration;
			buildSettings = {
				GCC_PRECOMPILE_PREFIX_HEADER = YES;
				GCC_PREFIX_HEADER = "EyeBall/EyeBall-Prefix.pch";
				INFOPLIST_FILE = "EyeBall/EyeBall-Info.plist";
				PRODUCT_NAME = "$(TARGET_NAME)";
				WRAPPER_EXTENSION = app;
			};
			name = Debug;
		};
		4DA72B7114975670005F7A67 /* Release */ = {
			isa = XCBuildConfiguration;
			buildSettings = {
				GCC_PRECOMPILE_PREFIX_HEADER = YES;
				GCC_PREFIX_HEADER = "EyeBall/EyeBall-Prefix.pch";
				INFOPLIST_FILE = "EyeBall/EyeBall-Info.plist";
				PRODUCT_NAME = "$(TARGET_NAME)";
				WRAPPER_EXTENSION = app;
			};
			name = Release;
		};
		4DA72B7314975670005F7A67 /* Debug */ = {
			isa = XCBuildConfiguration;
			buildSettings = {
				BUNDLE_LOADER = "$(BUILT_PRODUCTS_DIR)/EyeBall.app/Contents/MacOS/EyeBall";
				FRAMEWORK_SEARCH_PATHS = "$(DEVELOPER_LIBRARY_DIR)/Frameworks";
				GCC_PRECOMPILE_PREFIX_HEADER = YES;
				GCC_PREFIX_HEADER = "EyeBall/EyeBall-Prefix.pch";
				INFOPLIST_FILE = "EyeBallTests/EyeBallTests-Info.plist";
				PRODUCT_NAME = "$(TARGET_NAME)";
				TEST_HOST = "$(BUNDLE_LOADER)";
				WRAPPER_EXTENSION = octest;
			};
			name = Debug;
		};
		4DA72B7414975670005F7A67 /* Release */ = {
			isa = XCBuildConfiguration;
			buildSettings = {
				BUNDLE_LOADER = "$(BUILT_PRODUCTS_DIR)/EyeBall.app/Contents/MacOS/EyeBall";
				FRAMEWORK_SEARCH_PATHS = "$(DEVELOPER_LIBRARY_DIR)/Frameworks";
				GCC_PRECOMPILE_PREFIX_HEADER = YES;
				GCC_PREFIX_HEADER = "EyeBall/EyeBall-Prefix.pch";
				INFOPLIST_FILE = "EyeBallTests/EyeBallTests-Info.plist";
				PRODUCT_NAME = "$(TARGET_NAME)";
				TEST_HOST = "$(BUNDLE_LOADER)";
				WRAPPER_EXTENSION = octest;
			};
			name = Release;
		};
/* End XCBuildConfiguration section */

/* Begin XCConfigurationList section */
		4DA72B0F1497566F005F7A67 /* Build configuration list for PBXProject "EyeBall" */ = {
			isa = XCConfigurationList;
			buildConfigurations = (
				4DA72B6A14975670005F7A67 /* Debug */,
				4DA72B6B14975670005F7A67 /* Release */,
			);
			defaultConfigurationIsVisible = 0;
			defaultConfigurationName = Release;
		};
		4DA72B6C14975670005F7A67 /* Build configuration list for PBXNativeTarget "EyeBallImporter" */ = {
			isa = XCConfigurationList;
			buildConfigurations = (
				4DA72B6D14975670005F7A67 /* Debug */,
				4DA72B6E14975670005F7A67 /* Release */,
			);
			defaultConfigurationIsVisible = 0;
			defaultConfigurationName = Release;
		};
		4DA72B6F14975670005F7A67 /* Build configuration list for PBXNativeTarget "EyeBall" */ = {
			isa = XCConfigurationList;
			buildConfigurations = (
				4DA72B7014975670005F7A67 /* Debug */,
				4DA72B7114975670005F7A67 /* Release */,
			);
			defaultConfigurationIsVisible = 0;
			defaultConfigurationName = Release;
		};
		4DA72B7214975670005F7A67 /* Build configuration list for PBXNativeTarget "EyeBallTests" */ = {
			isa = XCConfigurationList;
			buildConfigurations = (
				4DA72B7314975670005F7A67 /* Debug */,
				4DA72B7414975670005F7A67 /* Release */,
			);
			defaultConfigurationIsVisible = 0;
			defaultConfigurationName = Release;
		};
/* End XCConfigurationList section */

/* Begin XCVersionGroup section */
		4D0F716E1498D8F600C1B21B /* SourceList.xcdatamodeld */ = {
			isa = XCVersionGroup;
			children = (
				4D0F716F1498D8F600C1B21B /* SourceList.xcdatamodel */,
			);
			currentVersion = 4D0F716F1498D8F600C1B21B /* SourceList.xcdatamodel */;
			path = SourceList.xcdatamodeld;
			sourceTree = "<group>";
			versionGroupType = wrapper.xcdatamodel;
		};
		4DA72B341497566F005F7A67 /* EBDocument.xcdatamodeld */ = {
			isa = XCVersionGroup;
			children = (
				4DA72B351497566F005F7A67 /* EBDocument.xcdatamodel */,
			);
			currentVersion = 4DA72B351497566F005F7A67 /* EBDocument.xcdatamodel */;
			path = EBDocument.xcdatamodeld;
			sourceTree = "<group>";
			versionGroupType = wrapper.xcdatamodel;
		};
/* End XCVersionGroup section */
	};
	rootObject = 4DA72B0C1497566F005F7A67 /* Project object */;
}
